
Microsoft Visual Studio Solution File, Format Version 12.00
# Visual Studio Version 17
VisualStudioVersion = 17.2.32630.192
MinimumVisualStudioVersion = 10.0.40219.1
Project("{FAE04EC0-301F-11D3-BF4B-00C04F79EFBC}") = "ApartmanDeneme", "ApartmanDeneme.csproj", "{6D5CFD50-DFAB-410B-B27F-B8A55BE2258F}"
EndProject
Global
	GlobalSection(SolutionConfigurationPlatforms) = preSolution
		Debug|Any CPU = Debug|Any CPU
		Release|Any CPU = Release|Any CPU
	EndGlobalSection
	GlobalSection(ProjectConfigurationPlatforms) = postSolution
		{6D5CFD50-DFAB-410B-B27F-B8A55BE2258F}.Debug|Any CPU.ActiveCfg = Debug|Any CPU
		{6D5CFD50-DFAB-410B-B27F-B8A55BE2258F}.Debug|Any CPU.Build.0 = Debug|Any CPU
		{6D5CFD50-DFAB-410B-B27F-B8A55BE2258F}.Release|Any CPU.ActiveCfg = Release|Any CPU
		{6D5CFD50-DFAB-410B-B27F-B8A55BE2258F}.Release|Any CPU.Build.0 = Release|Any CPU
	EndGlobalSection
	GlobalSection(SolutionProperties) = preSolution
		HideSolutionNode = FALSE
	EndGlobalSection
	GlobalSection(ExtensibilityGlobals) = postSolution
		SolutionGuid = {169D46AF-36E0-4CB7-9F9C-47312CC98DAE}
	EndGlobalSection
EndGlobal
